{
  "name": "build_setup",
  "version": "1.0.0",
  "lockfileVersion": 3,
  "requires": true,
  "packages": {
    "": {
      "name": "build_setup",
      "version": "1.0.0",
      "license": "ISC",
      "dependencies": {
        "bitmap-manipulation": "^2.0.0"
      }
    },
    "node_modules/bitmap-manipulation": {
      "version": "2.0.0",
      "resolved": "https://registry.npmjs.org/bitmap-manipulation/-/bitmap-manipulation-2.0.0.tgz",
      "integrity": "sha512-TEsu4iytp29u/OTCbkwQSECmvV89S4xeJfPdEVh9S+6a9T6PM0lWl/yStpfFYq//k6tojvE/CfTuWpJgqCY4Lg==",
      "dependencies": {
        "struct-fu": "^1.1.1"
      },
      "engines": {
        "node": ">=4.0.0"
      }
    },
    "node_modules/struct-fu": {
      "version": "1.2.1",
      "resolved": "https://registry.npmjs.org/struct-fu/-/struct-fu-1.2.1.tgz",
      "integrity": "sha512-QrtfoBRe+RixlBJl852/Gu7tLLTdx3kWs3MFzY1OHNrSsYYK7aIAnzqsncYRWrKGG/QSItDmOTlELMxehw4Gjw=="
    }
  }
}
